
Microsoft Visual Studio Solution File, Format Version 12.00
# Visual Studio Version 17
VisualStudioVersion = 17.0.32126.317
MinimumVisualStudioVersion = 10.0.40219.1
Project("{FAE04EC0-301F-11D3-BF4B-00C04F79EFBC}") = "BookLibrary", "BookLibrary\BookLibrary.csproj", "{28645457-86E9-4806-9E06-3D881C74C434}"
EndProject
Global
	GlobalSection(SolutionConfigurationPlatforms) = preSolution
		Debug|Any CPU = Debug|Any CPU
		Release|Any CPU = Release|Any CPU
	EndGlobalSection
	GlobalSection(ProjectConfigurationPlatforms) = postSolution
		{28645457-86E9-4806-9E06-3D881C74C434}.Debug|Any CPU.ActiveCfg = Debug|Any CPU
		{28645457-86E9-4806-9E06-3D881C74C434}.Debug|Any CPU.Build.0 = Debug|Any CPU
		{28645457-86E9-4806-9E06-3D881C74C434}.Release|Any CPU.ActiveCfg = Release|Any CPU
		{28645457-86E9-4806-9E06-3D881C74C434}.Release|Any CPU.Build.0 = Release|Any CPU
	EndGlobalSection
	GlobalSection(SolutionProperties) = preSolution
		HideSolutionNode = FALSE
	EndGlobalSection
	GlobalSection(ExtensibilityGlobals) = postSolution
		SolutionGuid = {3717CDEB-1266-4DB2-9B81-59D72BCFF4BB}
	EndGlobalSection
EndGlobal
